Microsoft Visual Studio Solution File, Format Version 12.00
# Visual Studio Version 17
VisualStudioVersion = 17.5.2.0
MinimumVisualStudioVersion = 10.0.40219.1
Project("{FAE04EC0-301F-11D3-BF4B-00C04F79EFBC}") = "Fulcrum - Backup", "Fulcrum - Backup.csproj", "{6701D781-115D-5DE5-C166-E21251CEC3A5}"
EndProject
Project("{FAE04EC0-301F-11D3-BF4B-00C04F79EFBC}") = "Fulcrum", "Fulcrum.csproj", "{9C50484E-32D9-3F0D-E9B8-854E16FB57D4}"
EndProject
Global
	GlobalSection(SolutionConfigurationPlatforms) = preSolution
		Debug|Any CPU = Debug|Any CPU
		Release|Any CPU = Release|Any CPU
	EndGlobalSection
	GlobalSection(ProjectConfigurationPlatforms) = postSolution
		{6701D781-115D-5DE5-C166-E21251CEC3A5}.Debug|Any CPU.ActiveCfg = Debug|Any CPU
		{6701D781-115D-5DE5-C166-E21251CEC3A5}.Debug|Any CPU.Build.0 = Debug|Any CPU
		{6701D781-115D-5DE5-C166-E21251CEC3A5}.Release|Any CPU.ActiveCfg = Release|Any CPU
		{6701D781-115D-5DE5-C166-E21251CEC3A5}.Release|Any CPU.Build.0 = Release|Any CPU
		{9C50484E-32D9-3F0D-E9B8-854E16FB57D4}.Debug|Any CPU.ActiveCfg = Debug|Any CPU
		{9C50484E-32D9-3F0D-E9B8-854E16FB57D4}.Debug|Any CPU.Build.0 = Debug|Any CPU
		{9C50484E-32D9-3F0D-E9B8-854E16FB57D4}.Release|Any CPU.ActiveCfg = Release|Any CPU
		{9C50484E-32D9-3F0D-E9B8-854E16FB57D4}.Release|Any CPU.Build.0 = Release|Any CPU
	EndGlobalSection
	GlobalSection(SolutionProperties) = preSolution
		HideSolutionNode = FALSE
	EndGlobalSection
	GlobalSection(ExtensibilityGlobals) = postSolution
		SolutionGuid = {3359BD3C-2F1E-41C4-B957-98707434D16F}
	EndGlobalSection
EndGlobal
